// !$*UTF8*$!
{
	archiveVersion = 1;
	classes = {
	};
	objectVersion = 46;
	objects = {

/* Begin PBXBuildFile section */
		EE032C37168F9E0C00E5E7BC /* main.m in Sources */ = {isa = PBXBuildFile; fileRef = EE032C2B168F9E0C00E5E7BC /* main.m */; };
		EE032C38168F9E0C00E5E7BC /* MRAppDelegate.m in Sources */ = {isa = PBXBuildFile; fileRef = EE032C2D168F9E0C00E5E7BC /* MRAppDelegate.m */; };
		EE032C39168F9E0C00E5E7BC /* MRLedsViewController.m in Sources */ = {isa = PBXBuildFile; fileRef = EE032C2F168F9E0C00E5E7BC /* MRLedsViewController.m */; };
		EE032C5E168FA0C400E5E7BC /* logging_mosq.c in Sources */ = {isa = PBXBuildFile; fileRef = EE032C43168FA0C400E5E7BC /* logging_mosq.c */; };
		EE032C5F168FA0C400E5E7BC /* memory_mosq.c in Sources */ = {isa = PBXBuildFile; fileRef = EE032C45168FA0C400E5E7BC /* memory_mosq.c */; };
		EE032C60168FA0C400E5E7BC /* messages_mosq.c in Sources */ = {isa = PBXBuildFile; fileRef = EE032C47168FA0C400E5E7BC /* messages_mosq.c */; };
		EE032C61168FA0C400E5E7BC /* mosquitto.c in Sources */ = {isa = PBXBuildFile; fileRef = EE032C49168FA0C400E5E7BC /* mosquitto.c */; };
		EE032C62168FA0C400E5E7BC /* net_mosq.c in Sources */ = {isa = PBXBuildFile; fileRef = EE032C4D168FA0C400E5E7BC /* net_mosq.c */; };
		EE032C63168FA0C400E5E7BC /* read_handle.c in Sources */ = {isa = PBXBuildFile; fileRef = EE032C4F168FA0C400E5E7BC /* read_handle.c */; };
		EE032C64168FA0C400E5E7BC /* read_handle_client.c in Sources */ = {isa = PBXBuildFile; fileRef = EE032C51168FA0C400E5E7BC /* read_handle_client.c */; };
		EE032C65168FA0C400E5E7BC /* read_handle_shared.c in Sources */ = {isa = PBXBuildFile; fileRef = EE032C52168FA0C400E5E7BC /* read_handle_shared.c */; };
		EE032C66168FA0C400E5E7BC /* send_client_mosq.c in Sources */ = {isa = PBXBuildFile; fileRef = EE032C53168FA0C400E5E7BC /* send_client_mosq.c */; };
		EE032C67168FA0C400E5E7BC /* send_mosq.c in Sources */ = {isa = PBXBuildFile; fileRef = EE032C54168FA0C400E5E7BC /* send_mosq.c */; };
		EE032C68168FA0C400E5E7BC /* thread_mosq.c in Sources */ = {isa = PBXBuildFile; fileRef = EE032C56168FA0C400E5E7BC /* thread_mosq.c */; };
		EE032C69168FA0C400E5E7BC /* util_mosq.c in Sources */ = {isa = PBXBuildFile; fileRef = EE032C57168FA0C400E5E7BC /* util_mosq.c */; };
		EE032C6A168FA0C400E5E7BC /* will_mosq.c in Sources */ = {isa = PBXBuildFile; fileRef = EE032C59168FA0C400E5E7BC /* will_mosq.c */; };
		EE032C6B168FA0C400E5E7BC /* Musquetteer.m in Sources */ = {isa = PBXBuildFile; fileRef = EE032C5D168FA0C400E5E7BC /* Musquetteer.m */; };
		EE518CB1169079500015DF31 /* InfoPlist.strings in Resources */ = {isa = PBXBuildFile; fileRef = EE518CA2169079500015DF31 /* InfoPlist.strings */; };
		EE518CB2169079500015DF31 /* MainStoryboard.storyboard in Resources */ = {isa = PBXBuildFile; fileRef = EE518CA4169079500015DF31 /* MainStoryboard.storyboard */; };
		EE518CB5169079500015DF31 /* Default-568h@2x.png in Resources */ = {isa = PBXBuildFile; fileRef = EE518CA9169079500015DF31 /* Default-568h@2x.png */; };
		EE518CB6169079500015DF31 /* Default.png in Resources */ = {isa = PBXBuildFile; fileRef = EE518CAA169079500015DF31 /* Default.png */; };
		EE518CB7169079500015DF31 /* Default@2x.png in Resources */ = {isa = PBXBuildFile; fileRef = EE518CAB169079500015DF31 /* Default@2x.png */; };
		EE518CBF169079EB0015DF31 /* greenled.png in Resources */ = {isa = PBXBuildFile; fileRef = EE518CBB169079EB0015DF31 /* greenled.png */; };
		EE518CC0169079EB0015DF31 /* greenled@2x.png in Resources */ = {isa = PBXBuildFile; fileRef = EE518CBC169079EB0015DF31 /* greenled@2x.png */; };
		EE518CC1169079EB0015DF31 /* redled.png in Resources */ = {isa = PBXBuildFile; fileRef = EE518CBD169079EB0015DF31 /* redled.png */; };
		EE518CC2169079EB0015DF31 /* redled@2x.png in Resources */ = {isa = PBXBuildFile; fileRef = EE518CBE169079EB0015DF31 /* redled@2x.png */; };
		EEFF31EE168F9D3A002253A8 /* UIKit.framework in Frameworks */ = {isa = PBXBuildFile; fileRef = EEFF31ED168F9D39002253A8 /* UIKit.framework */; };
		EEFF31F0168F9D3A002253A8 /* Foundation.framework in Frameworks */ = {isa = PBXBuildFile; fileRef = EEFF31EF168F9D3A002253A8 /* Foundation.framework */; };
		EEFF31F2168F9D3A002253A8 /* CoreGraphics.framework in Frameworks */ = {isa = PBXBuildFile; fileRef = EEFF31F1168F9D3A002253A8 /* CoreGraphics.framework */; };
/* End PBXBuildFile section */

/* Begin PBXFileReference section */
		EE032C2B168F9E0C00E5E7BC /* main.m */ = {isa = PBXFileReference; fileEncoding = 4; lastKnownFileType = sourcecode.c.objc; path = main.m; sourceTree = "<group>"; };
		EE032C2C168F9E0C00E5E7BC /* MRAppDelegate.h */ = {isa = PBXFileReference; fileEncoding = 4; lastKnownFileType = sourcecode.c.h; path = MRAppDelegate.h; sourceTree = "<group>"; };
		EE032C2D168F9E0C00E5E7BC /* MRAppDelegate.m */ = {isa = PBXFileReference; fileEncoding = 4; lastKnownFileType = sourcecode.c.objc; path = MRAppDelegate.m; sourceTree = "<group>"; };
		EE032C2E168F9E0C00E5E7BC /* MRLedsViewController.h */ = {isa = PBXFileReference; fileEncoding = 4; lastKnownFileType = sourcecode.c.h; path = MRLedsViewController.h; sourceTree = "<group>"; };
		EE032C2F168F9E0C00E5E7BC /* MRLedsViewController.m */ = {isa = PBXFileReference; fileEncoding = 4; lastKnownFileType = sourcecode.c.objc; path = MRLedsViewController.m; sourceTree = "<group>"; };
		EE032C41168FA0C400E5E7BC /* config.h */ = {isa = PBXFileReference; fileEncoding = 4; lastKnownFileType = sourcecode.c.h; path = config.h; sourceTree = "<group>"; };
		EE032C42168FA0C400E5E7BC /* dummypthread.h */ = {isa = PBXFileReference; fileEncoding = 4; lastKnownFileType = sourcecode.c.h; path = dummypthread.h; sourceTree = "<group>"; };
		EE032C43168FA0C400E5E7BC /* logging_mosq.c */ = {isa = PBXFileReference; fileEncoding = 4; lastKnownFileType = sourcecode.c.c; path = logging_mosq.c; sourceTree = "<group>"; };
		EE032C44168FA0C400E5E7BC /* logging_mosq.h */ = {isa = PBXFileReference; fileEncoding = 4; lastKnownFileType = sourcecode.c.h; path = logging_mosq.h; sourceTree = "<group>"; };
		EE032C45168FA0C400E5E7BC /* memory_mosq.c */ = {isa = PBXFileReference; fileEncoding = 4; lastKnownFileType = sourcecode.c.c; path = memory_mosq.c; sourceTree = "<group>"; };
		EE032C46168FA0C400E5E7BC /* memory_mosq.h */ = {isa = PBXFileReference; fileEncoding = 4; lastKnownFileType = sourcecode.c.h; path = memory_mosq.h; sourceTree = "<group>"; };
		EE032C47168FA0C400E5E7BC /* messages_mosq.c */ = {isa = PBXFileReference; fileEncoding = 4; lastKnownFileType = sourcecode.c.c; path = messages_mosq.c; sourceTree = "<group>"; };
		EE032C48168FA0C400E5E7BC /* messages_mosq.h */ = {isa = PBXFileReference; fileEncoding = 4; lastKnownFileType = sourcecode.c.h; path = messages_mosq.h; sourceTree = "<group>"; };
		EE032C49168FA0C400E5E7BC /* mosquitto.c */ = {isa = PBXFileReference; fileEncoding = 4; lastKnownFileType = sourcecode.c.c; path = mosquitto.c; sourceTree = "<group>"; };
		EE032C4A168FA0C400E5E7BC /* mosquitto.h */ = {isa = PBXFileReference; fileEncoding = 4; lastKnownFileType = sourcecode.c.h; path = mosquitto.h; sourceTree = "<group>"; };
		EE032C4B168FA0C400E5E7BC /* mosquitto_internal.h */ = {isa = PBXFileReference; fileEncoding = 4; lastKnownFileType = sourcecode.c.h; path = mosquitto_internal.h; sourceTree = "<group>"; };
		EE032C4C168FA0C400E5E7BC /* mqtt3_protocol.h */ = {isa = PBXFileReference; fileEncoding = 4; lastKnownFileType = sourcecode.c.h; path = mqtt3_protocol.h; sourceTree = "<group>"; };
		EE032C4D168FA0C400E5E7BC /* net_mosq.c */ = {isa = PBXFileReference; fileEncoding = 4; lastKnownFileType = sourcecode.c.c; path = net_mosq.c; sourceTree = "<group>"; };
		EE032C4E168FA0C400E5E7BC /* net_mosq.h */ = {isa = PBXFileReference; fileEncoding = 4; lastKnownFileType = sourcecode.c.h; path = net_mosq.h; sourceTree = "<group>"; };
		EE032C4F168FA0C400E5E7BC /* read_handle.c */ = {isa = PBXFileReference; fileEncoding = 4; lastKnownFileType = sourcecode.c.c; path = read_handle.c; sourceTree = "<group>"; };
		EE032C50168FA0C400E5E7BC /* read_handle.h */ = {isa = PBXFileReference; fileEncoding = 4; lastKnownFileType = sourcecode.c.h; path = read_handle.h; sourceTree = "<group>"; };
		EE032C51168FA0C400E5E7BC /* read_handle_client.c */ = {isa = PBXFileReference; fileEncoding = 4; lastKnownFileType = sourcecode.c.c; path = read_handle_client.c; sourceTree = "<group>"; };
		EE032C52168FA0C400E5E7BC /* read_handle_shared.c */ = {isa = PBXFileReference; fileEncoding = 4; lastKnownFileType = sourcecode.c.c; path = read_handle_shared.c; sourceTree = "<group>"; };
		EE032C53168FA0C400E5E7BC /* send_client_mosq.c */ = {isa = PBXFileReference; fileEncoding = 4; lastKnownFileType = sourcecode.c.c; path = send_client_mosq.c; sourceTree = "<group>"; };
		EE032C54168FA0C400E5E7BC /* send_mosq.c */ = {isa = PBXFileReference; fileEncoding = 4; lastKnownFileType = sourcecode.c.c; path = send_mosq.c; sourceTree = "<group>"; };
		EE032C55168FA0C400E5E7BC /* send_mosq.h */ = {isa = PBXFileReference; fileEncoding = 4; lastKnownFileType = sourcecode.c.h; path = send_mosq.h; sourceTree = "<group>"; };
		EE032C56168FA0C400E5E7BC /* thread_mosq.c */ = {isa = PBXFileReference; fileEncoding = 4; lastKnownFileType = sourcecode.c.c; path = thread_mosq.c; sourceTree = "<group>"; };
		EE032C57168FA0C400E5E7BC /* util_mosq.c */ = {isa = PBXFileReference; fileEncoding = 4; lastKnownFileType = sourcecode.c.c; path = util_mosq.c; sourceTree = "<group>"; };
		EE032C58168FA0C400E5E7BC /* util_mosq.h */ = {isa = PBXFileReference; fileEncoding = 4; lastKnownFileType = sourcecode.c.h; path = util_mosq.h; sourceTree = "<group>"; };
		EE032C59168FA0C400E5E7BC /* will_mosq.c */ = {isa = PBXFileReference; fileEncoding = 4; lastKnownFileType = sourcecode.c.c; path = will_mosq.c; sourceTree = "<group>"; };
		EE032C5A168FA0C400E5E7BC /* will_mosq.h */ = {isa = PBXFileReference; fileEncoding = 4; lastKnownFileType = sourcecode.c.h; path = will_mosq.h; sourceTree = "<group>"; };
		EE032C5C168FA0C400E5E7BC /* Musquetteer.h */ = {isa = PBXFileReference; fileEncoding = 4; lastKnownFileType = sourcecode.c.h; path = Musquetteer.h; sourceTree = "<group>"; };
		EE032C5D168FA0C400E5E7BC /* Musquetteer.m */ = {isa = PBXFileReference; fileEncoding = 4; lastKnownFileType = sourcecode.c.objc; path = Musquetteer.m; sourceTree = "<group>"; };
		EE518CA3169079500015DF31 /* en */ = {isa = PBXFileReference; lastKnownFileType = text.plist.strings; name = en; path = en.lproj/InfoPlist.strings; sourceTree = "<group>"; };
		EE518CA5169079500015DF31 /* en */ = {isa = PBXFileReference; lastKnownFileType = file.storyboard; name = en; path = en.lproj/MainStoryboard.storyboard; sourceTree = "<group>"; };
		EE518CA9169079500015DF31 /* Default-568h@2x.png */ = {isa = PBXFileReference; lastKnownFileType = image.png; path = "Default-568h@2x.png"; sourceTree = "<group>"; };
		EE518CAA169079500015DF31 /* Default.png */ = {isa = PBXFileReference; lastKnownFileType = image.png; path = Default.png; sourceTree = "<group>"; };
		EE518CAB169079500015DF31 /* Default@2x.png */ = {isa = PBXFileReference; lastKnownFileType = image.png; path = "Default@2x.png"; sourceTree = "<group>"; };
		EE518CAF169079500015DF31 /* Musquetteer-Info.plist */ = {isa = PBXFileReference; fileEncoding = 4; lastKnownFileType = text.plist.xml; path = "Musquetteer-Info.plist"; sourceTree = "<group>"; };
		EE518CB0169079500015DF31 /* Musquetteer-Prefix.pch */ = {isa = PBXFileReference; fileEncoding = 4; lastKnownFileType = sourcecode.c.h; path = "Musquetteer-Prefix.pch"; sourceTree = "<group>"; };
		EE518CBB169079EB0015DF31 /* greenled.png */ = {isa = PBXFileReference; lastKnownFileType = image.png; path = greenled.png; sourceTree = "<group>"; };
		EE518CBC169079EB0015DF31 /* greenled@2x.png */ = {isa = PBXFileReference; lastKnownFileType = image.png; path = "greenled@2x.png"; sourceTree = "<group>"; };
		EE518CBD169079EB0015DF31 /* redled.png */ = {isa = PBXFileReference; lastKnownFileType = image.png; path = redled.png; sourceTree = "<group>"; };
		EE518CBE169079EB0015DF31 /* redled@2x.png */ = {isa = PBXFileReference; lastKnownFileType = image.png; path = "redled@2x.png"; sourceTree = "<group>"; };
		EEFF31E9168F9D39002253A8 /* Musquetteer.app */ = {isa = PBXFileReference; explicitFileType = wrapper.application; includeInIndex = 0; path = Musquetteer.app; sourceTree = BUILT_PRODUCTS_DIR; };
		EEFF31ED168F9D39002253A8 /* UIKit.framework */ = {isa = PBXFileReference; lastKnownFileType = wrapper.framework; name = UIKit.framework; path = System/Library/Frameworks/UIKit.framework; sourceTree = SDKROOT; };
		EEFF31EF168F9D3A002253A8 /* Foundation.framework */ = {isa = PBXFileReference; lastKnownFileType = wrapper.framework; name = Foundation.framework; path = System/Library/Frameworks/Foundation.framework; sourceTree = SDKROOT; };
		EEFF31F1168F9D3A002253A8 /* CoreGraphics.framework */ = {isa = PBXFileReference; lastKnownFileType = wrapper.framework; name = CoreGraphics.framework; path = System/Library/Frameworks/CoreGraphics.framework; sourceTree = SDKROOT; };
/* End PBXFileReference section */

/* Begin PBXFrameworksBuildPhase section */
		EEFF31E6168F9D39002253A8 /* Frameworks */ = {
			isa = PBXFrameworksBuildPhase;
			buildActionMask = 2147483647;
			files = (
				EEFF31EE168F9D3A002253A8 /* UIKit.framework in Frameworks */,
				EEFF31F0168F9D3A002253A8 /* Foundation.framework in Frameworks */,
				EEFF31F2168F9D3A002253A8 /* CoreGraphics.framework in Frameworks */,
			);
			runOnlyForDeploymentPostprocessing = 0;
		};
/* End PBXFrameworksBuildPhase section */

/* Begin PBXGroup section */
		EE032C22168F9DFB00E5E7BC /* Musquetteer */ = {
			isa = PBXGroup;
			children = (
				EE518CA1169079500015DF31 /* Resources */,
				EE032C3F168FA0C400E5E7BC /* Lib */,
				EE032C23168F9E0C00E5E7BC /* Classes */,
			);
			name = Musquetteer;
			sourceTree = "<group>";
		};
		EE032C23168F9E0C00E5E7BC /* Classes */ = {
			isa = PBXGroup;
			children = (
				EE032C2B168F9E0C00E5E7BC /* main.m */,
				EE032C2C168F9E0C00E5E7BC /* MRAppDelegate.h */,
				EE032C2D168F9E0C00E5E7BC /* MRAppDelegate.m */,
				EE032C2E168F9E0C00E5E7BC /* MRLedsViewController.h */,
				EE032C2F168F9E0C00E5E7BC /* MRLedsViewController.m */,
			);
			name = Classes;
			path = Musquetteer/Classes;
			sourceTree = "<group>";
		};
		EE032C3F168FA0C400E5E7BC /* Lib */ = {
			isa = PBXGroup;
			children = (
				EE032C40168FA0C400E5E7BC /* libmosquitto */,
				EE032C5B168FA0C400E5E7BC /* Musquetteer */,
			);
			name = Lib;
			path = Musquetteer/Lib;
			sourceTree = "<group>";
		};
		EE032C40168FA0C400E5E7BC /* libmosquitto */ = {
			isa = PBXGroup;
			children = (
				EE032C41168FA0C400E5E7BC /* config.h */,
				EE032C42168FA0C400E5E7BC /* dummypthread.h */,
				EE032C43168FA0C400E5E7BC /* logging_mosq.c */,
				EE032C44168FA0C400E5E7BC /* logging_mosq.h */,
				EE032C45168FA0C400E5E7BC /* memory_mosq.c */,
				EE032C46168FA0C400E5E7BC /* memory_mosq.h */,
				EE032C47168FA0C400E5E7BC /* messages_mosq.c */,
				EE032C48168FA0C400E5E7BC /* messages_mosq.h */,
				EE032C49168FA0C400E5E7BC /* mosquitto.c */,
				EE032C4A168FA0C400E5E7BC /* mosquitto.h */,
				EE032C4B168FA0C400E5E7BC /* mosquitto_internal.h */,
				EE032C4C168FA0C400E5E7BC /* mqtt3_protocol.h */,
				EE032C4D168FA0C400E5E7BC /* net_mosq.c */,
				EE032C4E168FA0C400E5E7BC /* net_mosq.h */,
				EE032C4F168FA0C400E5E7BC /* read_handle.c */,
				EE032C50168FA0C400E5E7BC /* read_handle.h */,
				EE032C51168FA0C400E5E7BC /* read_handle_client.c */,
				EE032C52168FA0C400E5E7BC /* read_handle_shared.c */,
				EE032C53168FA0C400E5E7BC /* send_client_mosq.c */,
				EE032C54168FA0C400E5E7BC /* send_mosq.c */,
				EE032C55168FA0C400E5E7BC /* send_mosq.h */,
				EE032C56168FA0C400E5E7BC /* thread_mosq.c */,
				EE032C57168FA0C400E5E7BC /* util_mosq.c */,
				EE032C58168FA0C400E5E7BC /* util_mosq.h */,
				EE032C59168FA0C400E5E7BC /* will_mosq.c */,
				EE032C5A168FA0C400E5E7BC /* will_mosq.h */,
			);
			path = libmosquitto;
			sourceTree = "<group>";
		};
		EE032C5B168FA0C400E5E7BC /* Musquetteer */ = {
			isa = PBXGroup;
			children = (
				EE032C5C168FA0C400E5E7BC /* Musquetteer.h */,
				EE032C5D168FA0C400E5E7BC /* Musquetteer.m */,
			);
			path = Musquetteer;
			sourceTree = "<group>";
		};
		EE518CA1169079500015DF31 /* Resources */ = {
			isa = PBXGroup;
			children = (
				EE518CA2169079500015DF31 /* InfoPlist.strings */,
				EE518CA4169079500015DF31 /* MainStoryboard.storyboard */,
				EE518CA6169079500015DF31 /* Images */,
				EE518CAE169079500015DF31 /* Others */,
			);
			name = Resources;
			path = Musquetteer/Classes/Resources;
			sourceTree = "<group>";
		};
		EE518CA6169079500015DF31 /* Images */ = {
			isa = PBXGroup;
			children = (
				EE518CBB169079EB0015DF31 /* greenled.png */,
				EE518CBC169079EB0015DF31 /* greenled@2x.png */,
				EE518CBD169079EB0015DF31 /* redled.png */,
				EE518CBE169079EB0015DF31 /* redled@2x.png */,
				EE518CA9169079500015DF31 /* Default-568h@2x.png */,
				EE518CAA169079500015DF31 /* Default.png */,
				EE518CAB169079500015DF31 /* Default@2x.png */,
			);
			path = Images;
			sourceTree = "<group>";
		};
		EE518CAE169079500015DF31 /* Others */ = {
			isa = PBXGroup;
			children = (
				EE518CAF169079500015DF31 /* Musquetteer-Info.plist */,
				EE518CB0169079500015DF31 /* Musquetteer-Prefix.pch */,
			);
			path = Others;
			sourceTree = "<group>";
		};
		EEFF31DE168F9D39002253A8 = {
			isa = PBXGroup;
			children = (
				EE032C22168F9DFB00E5E7BC /* Musquetteer */,
				EEFF31EC168F9D39002253A8 /* Frameworks */,
				EEFF31EA168F9D39002253A8 /* Products */,
			);
			sourceTree = "<group>";
		};
		EEFF31EA168F9D39002253A8 /* Products */ = {
			isa = PBXGroup;
			children = (
				EEFF31E9168F9D39002253A8 /* Musquetteer.app */,
			);
			name = Products;
			sourceTree = "<group>";
		};
		EEFF31EC168F9D39002253A8 /* Frameworks */ = {
			isa = PBXGroup;
			children = (
				EEFF31ED168F9D39002253A8 /* UIKit.framework */,
				EEFF31EF168F9D3A002253A8 /* Foundation.framework */,
				EEFF31F1168F9D3A002253A8 /* CoreGraphics.framework */,
			);
			name = Frameworks;
			sourceTree = "<group>";
		};
/* End PBXGroup section */

/* Begin PBXNativeTarget section */
		EEFF31E8168F9D39002253A8 /* Musquetteer */ = {
			isa = PBXNativeTarget;
			buildConfigurationList = EEFF320D168F9D3A002253A8 /* Build configuration list for PBXNativeTarget "Musquetteer" */;
			buildPhases = (
				EEFF31E5168F9D39002253A8 /* Sources */,
				EEFF31E6168F9D39002253A8 /* Frameworks */,
				EEFF31E7168F9D39002253A8 /* Resources */,
			);
			buildRules = (
			);
			dependencies = (
			);
			name = Musquetteer;
			productName = Musquetteer;
			productReference = EEFF31E9168F9D39002253A8 /* Musquetteer.app */;
			productType = "com.apple.product-type.application";
		};
/* End PBXNativeTarget section */

/* Begin PBXProject section */
		EEFF31E0168F9D39002253A8 /* Project object */ = {
			isa = PBXProject;
			attributes = {
				CLASSPREFIX = MR;
				LastUpgradeCheck = 0450;
				ORGANIZATIONNAME = Melaerre;
			};
			buildConfigurationList = EEFF31E3168F9D39002253A8 /* Build configuration list for PBXProject "Musquetteer" */;
			compatibilityVersion = "Xcode 3.2";
			developmentRegion = English;
			hasScannedForEncodings = 0;
			knownRegions = (
				en,
			);
			mainGroup = EEFF31DE168F9D39002253A8;
			productRefGroup = EEFF31EA168F9D39002253A8 /* Products */;
			projectDirPath = "";
			projectRoot = "";
			targets = (
				EEFF31E8168F9D39002253A8 /* Musquetteer */,
			);
		};
/* End PBXProject section */

/* Begin PBXResourcesBuildPhase section */
		EEFF31E7168F9D39002253A8 /* Resources */ = {
			isa = PBXResourcesBuildPhase;
			buildActionMask = 2147483647;
			files = (
				EE518CB1169079500015DF31 /* InfoPlist.strings in Resources */,
				EE518CB2169079500015DF31 /* MainStoryboard.storyboard in Resources */,
				EE518CB5169079500015DF31 /* Default-568h@2x.png in Resources */,
				EE518CB6169079500015DF31 /* Default.png in Resources */,
				EE518CB7169079500015DF31 /* Default@2x.png in Resources */,
				EE518CBF169079EB0015DF31 /* greenled.png in Resources */,
				EE518CC0169079EB0015DF31 /* greenled@2x.png in Resources */,
				EE518CC1169079EB0015DF31 /* redled.png in Resources */,
				EE518CC2169079EB0015DF31 /* redled@2x.png in Resources */,
			);
			runOnlyForDeploymentPostprocessing = 0;
		};
/* End PBXResourcesBuildPhase section */

/* Begin PBXSourcesBuildPhase section */
		EEFF31E5168F9D39002253A8 /* Sources */ = {
			isa = PBXSourcesBuildPhase;
			buildActionMask = 2147483647;
			files = (
				EE032C37168F9E0C00E5E7BC /* main.m in Sources */,
				EE032C38168F9E0C00E5E7BC /* MRAppDelegate.m in Sources */,
				EE032C39168F9E0C00E5E7BC /* MRLedsViewController.m in Sources */,
				EE032C5E168FA0C400E5E7BC /* logging_mosq.c in Sources */,
				EE032C5F168FA0C400E5E7BC /* memory_mosq.c in Sources */,
				EE032C60168FA0C400E5E7BC /* messages_mosq.c in Sources */,
				EE032C61168FA0C400E5E7BC /* mosquitto.c in Sources */,
				EE032C62168FA0C400E5E7BC /* net_mosq.c in Sources */,
				EE032C63168FA0C400E5E7BC /* read_handle.c in Sources */,
				EE032C64168FA0C400E5E7BC /* read_handle_client.c in Sources */,
				EE032C65168FA0C400E5E7BC /* read_handle_shared.c in Sources */,
				EE032C66168FA0C400E5E7BC /* send_client_mosq.c in Sources */,
				EE032C67168FA0C400E5E7BC /* send_mosq.c in Sources */,
				EE032C68168FA0C400E5E7BC /* thread_mosq.c in Sources */,
				EE032C69168FA0C400E5E7BC /* util_mosq.c in Sources */,
				EE032C6A168FA0C400E5E7BC /* will_mosq.c in Sources */,
				EE032C6B168FA0C400E5E7BC /* Musquetteer.m in Sources */,
			);
			runOnlyForDeploymentPostprocessing = 0;
		};
/* End PBXSourcesBuildPhase section */

/* Begin PBXVariantGroup section */
		EE518CA2169079500015DF31 /* InfoPlist.strings */ = {
			isa = PBXVariantGroup;
			children = (
				EE518CA3169079500015DF31 /* en */,
			);
			name = InfoPlist.strings;
			sourceTree = "<group>";
		};
		EE518CA4169079500015DF31 /* MainStoryboard.storyboard */ = {
			isa = PBXVariantGroup;
			children = (
				EE518CA5169079500015DF31 /* en */,
			);
			name = MainStoryboard.storyboard;
			sourceTree = "<group>";
		};
/* End PBXVariantGroup section */

/* Begin XCBuildConfiguration section */
		EEFF320B168F9D3A002253A8 /* Debug */ = {
			isa = XCBuildConfiguration;
			buildSettings = {
				ALWAYS_SEARCH_USER_PATHS = NO;
				CLANG_CXX_LANGUAGE_STANDARD = "gnu++0x";
				CLANG_CXX_LIBRARY = "libc++";
				CLANG_ENABLE_OBJC_ARC = YES;
				CLANG_WARN_EMPTY_BODY = YES;
				CLANG_WARN__DUPLICATE_METHOD_MATCH = YES;
				"CODE_SIGN_IDENTITY[sdk=iphoneos*]" = "iPhone Developer";
				COPY_PHASE_STRIP = NO;
				GCC_C_LANGUAGE_STANDARD = gnu99;
				GCC_DYNAMIC_NO_PIC = NO;
				GCC_OPTIMIZATION_LEVEL = 0;
				GCC_PREPROCESSOR_DEFINITIONS = (
					"DEBUG=1",
					"$(inherited)",
				);
				GCC_SYMBOLS_PRIVATE_EXTERN = NO;
				GCC_WARN_ABOUT_RETURN_TYPE = YES;
				GCC_WARN_UNINITIALIZED_AUTOS = YES;
				GCC_WARN_UNUSED_VARIABLE = YES;
				IPHONEOS_DEPLOYMENT_TARGET = 6.0;
				SDKROOT = iphoneos;
			};
			name = Debug;
		};
		EEFF320C168F9D3A002253A8 /* Release */ = {
			isa = XCBuildConfiguration;
			buildSettings = {
				ALWAYS_SEARCH_USER_PATHS = NO;
				CLANG_CXX_LANGUAGE_STANDARD = "gnu++0x";
				CLANG_CXX_LIBRARY = "libc++";
				CLANG_ENABLE_OBJC_ARC = YES;
				CLANG_WARN_EMPTY_BODY = YES;
				CLANG_WARN__DUPLICATE_METHOD_MATCH = YES;
				"CODE_SIGN_IDENTITY[sdk=iphoneos*]" = "iPhone Developer";
				COPY_PHASE_STRIP = YES;
				GCC_C_LANGUAGE_STANDARD = gnu99;
				GCC_WARN_ABOUT_RETURN_TYPE = YES;
				GCC_WARN_UNINITIALIZED_AUTOS = YES;
				GCC_WARN_UNUSED_VARIABLE = YES;
				IPHONEOS_DEPLOYMENT_TARGET = 6.0;
				OTHER_CFLAGS = "-DNS_BLOCK_ASSERTIONS=1";
				SDKROOT = iphoneos;
				VALIDATE_PRODUCT = YES;
			};
			name = Release;
		};
		EEFF320E168F9D3A002253A8 /* Debug */ = {
			isa = XCBuildConfiguration;
			buildSettings = {
				GCC_PRECOMPILE_PREFIX_HEADER = YES;
				GCC_PREFIX_HEADER = "Musquetteer/Classes/Resources/Others/Musquetteer-Prefix.pch";
				HEADER_SEARCH_PATHS = Musquetteer/Lib/libmosquitto;
				INFOPLIST_FILE = "$(SRCROOT)/Musquetteer/Classes/Resources/Others/Musquetteer-Info.plist";
				IPHONEOS_DEPLOYMENT_TARGET = 5.1;
				PRODUCT_NAME = "$(TARGET_NAME)";
				WRAPPER_EXTENSION = app;
			};
			name = Debug;
		};
		EEFF320F168F9D3A002253A8 /* Release */ = {
			isa = XCBuildConfiguration;
			buildSettings = {
				GCC_PRECOMPILE_PREFIX_HEADER = YES;
				GCC_PREFIX_HEADER = "Musquetteer/Classes/Resources/Others/Musquetteer-Prefix.pch";
				HEADER_SEARCH_PATHS = Musquetteer/Lib/libmosquitto;
				INFOPLIST_FILE = "$(SRCROOT)/Musquetteer/Classes/Resources/Others/Musquetteer-Info.plist";
				IPHONEOS_DEPLOYMENT_TARGET = 5.1;
				PRODUCT_NAME = "$(TARGET_NAME)";
				WRAPPER_EXTENSION = app;
			};
			name = Release;
		};
/* End XCBuildConfiguration section */

/* Begin XCConfigurationList section */
		EEFF31E3168F9D39002253A8 /* Build configuration list for PBXProject "Musquetteer" */ = {
			isa = XCConfigurationList;
			buildConfigurations = (
				EEFF320B168F9D3A002253A8 /* Debug */,
				EEFF320C168F9D3A002253A8 /* Release */,
			);
			defaultConfigurationIsVisible = 0;
			defaultConfigurationName = Release;
		};
		EEFF320D168F9D3A002253A8 /* Build configuration list for PBXNativeTarget "Musquetteer" */ = {
			isa = XCConfigurationList;
			buildConfigurations = (
				EEFF320E168F9D3A002253A8 /* Debug */,
				EEFF320F168F9D3A002253A8 /* Release */,
			);
			defaultConfigurationIsVisible = 0;
			defaultConfigurationName = Release;
		};
/* End XCConfigurationList section */
	};
	rootObject = EEFF31E0168F9D39002253A8 /* Project object */;
}
